
Microsoft Visual Studio Solution File, Format Version 12.00
# Visual Studio Version 16
VisualStudioVersion = 16.0.29006.145
MinimumVisualStudioVersion = 10.0.40219.1
Project("{9A19103F-16F7-4668-BE54-9A1E7A4F7556}") = "NeedForCars.Web", "NeedForCars.Web\NeedForCars.Web.csproj", "{D9351AE3-45E5-49C8-AAFD-5827623FA3FC}"
EndProject
Project("{9A19103F-16F7-4668-BE54-9A1E7A4F7556}") = "NeedForCars.Data", "NeedForCars.Data\NeedForCars.Data.csproj", "{F9F3206E-9D4B-4D7A-A10A-4162C229BECD}"
EndProject
Project("{9A19103F-16F7-4668-BE54-9A1E7A4F7556}") = "NeedForCars.Models", "NeedForCars.Models\NeedForCars.Models.csproj", "{4A8FB222-E4DF-4AA5-BE87-F67DFF03B300}"
EndProject
Project("{9A19103F-16F7-4668-BE54-9A1E7A4F7556}") = "NeedForCars.Services", "NeedForCars.Services\NeedForCars.Services.csproj", "{772507AE-3963-41D9-9EB9-DB7FAC5C779A}"
EndProject
Project("{2150E333-8FDC-42A3-9474-1A3956D46DE8}") = "Data", "Data", "{28DE73E0-F43F-4F7C-8A69-0127EE86A4E9}"
EndProject
Project("{2150E333-8FDC-42A3-9474-1A3956D46DE8}") = "Models", "Models", "{4F2FE3F7-F3DB-4340-9037-5BC614900437}"
EndProject
Project("{2150E333-8FDC-42A3-9474-1A3956D46DE8}") = "Services", "Services", "{0860DE66-DE9A-491E-A924-AADAA3D9EE4C}"
EndProject
Project("{2150E333-8FDC-42A3-9474-1A3956D46DE8}") = "Web", "Web", "{04A6FBBE-BD15-45BC-B2D8-882D7B0ACA58}"
EndProject
Project("{9A19103F-16F7-4668-BE54-9A1E7A4F7556}") = "NeedForCars.Services.Mapping", "NeedForCars.Services.Mapping\NeedForCars.Services.Mapping.csproj", "{CDBB4749-6031-4F17-84CB-35C9E018A34A}"
EndProject
Global
	GlobalSection(SolutionConfigurationPlatforms) = preSolution
		Debug|Any CPU = Debug|Any CPU
		Release|Any CPU = Release|Any CPU
	EndGlobalSection
	GlobalSection(ProjectConfigurationPlatforms) = postSolution
		{D9351AE3-45E5-49C8-AAFD-5827623FA3FC}.Debug|Any CPU.ActiveCfg = Debug|Any CPU
		{D9351AE3-45E5-49C8-AAFD-5827623FA3FC}.Debug|Any CPU.Build.0 = Debug|Any CPU
		{D9351AE3-45E5-49C8-AAFD-5827623FA3FC}.Release|Any CPU.ActiveCfg = Release|Any CPU
		{D9351AE3-45E5-49C8-AAFD-5827623FA3FC}.Release|Any CPU.Build.0 = Release|Any CPU
		{F9F3206E-9D4B-4D7A-A10A-4162C229BECD}.Debug|Any CPU.ActiveCfg = Debug|Any CPU
		{F9F3206E-9D4B-4D7A-A10A-4162C229BECD}.Debug|Any CPU.Build.0 = Debug|Any CPU
		{F9F3206E-9D4B-4D7A-A10A-4162C229BECD}.Release|Any CPU.ActiveCfg = Release|Any CPU
		{F9F3206E-9D4B-4D7A-A10A-4162C229BECD}.Release|Any CPU.Build.0 = Release|Any CPU
		{4A8FB222-E4DF-4AA5-BE87-F67DFF03B300}.Debug|Any CPU.ActiveCfg = Debug|Any CPU
		{4A8FB222-E4DF-4AA5-BE87-F67DFF03B300}.Debug|Any CPU.Build.0 = Debug|Any CPU
		{4A8FB222-E4DF-4AA5-BE87-F67DFF03B300}.Release|Any CPU.ActiveCfg = Release|Any CPU
		{4A8FB222-E4DF-4AA5-BE87-F67DFF03B300}.Release|Any CPU.Build.0 = Release|Any CPU
		{772507AE-3963-41D9-9EB9-DB7FAC5C779A}.Debug|Any CPU.ActiveCfg = Debug|Any CPU
		{772507AE-3963-41D9-9EB9-DB7FAC5C779A}.Debug|Any CPU.Build.0 = Debug|Any CPU
		{772507AE-3963-41D9-9EB9-DB7FAC5C779A}.Release|Any CPU.ActiveCfg = Release|Any CPU
		{772507AE-3963-41D9-9EB9-DB7FAC5C779A}.Release|Any CPU.Build.0 = Release|Any CPU
		{CDBB4749-6031-4F17-84CB-35C9E018A34A}.Debug|Any CPU.ActiveCfg = Debug|Any CPU
		{CDBB4749-6031-4F17-84CB-35C9E018A34A}.Debug|Any CPU.Build.0 = Debug|Any CPU
		{CDBB4749-6031-4F17-84CB-35C9E018A34A}.Release|Any CPU.ActiveCfg = Release|Any CPU
		{CDBB4749-6031-4F17-84CB-35C9E018A34A}.Release|Any CPU.Build.0 = Release|Any CPU
	EndGlobalSection
	GlobalSection(SolutionProperties) = preSolution
		HideSolutionNode = FALSE
	EndGlobalSection
	GlobalSection(NestedProjects) = preSolution
		{D9351AE3-45E5-49C8-AAFD-5827623FA3FC} = {04A6FBBE-BD15-45BC-B2D8-882D7B0ACA58}
		{F9F3206E-9D4B-4D7A-A10A-4162C229BECD} = {28DE73E0-F43F-4F7C-8A69-0127EE86A4E9}
		{4A8FB222-E4DF-4AA5-BE87-F67DFF03B300} = {4F2FE3F7-F3DB-4340-9037-5BC614900437}
		{772507AE-3963-41D9-9EB9-DB7FAC5C779A} = {0860DE66-DE9A-491E-A924-AADAA3D9EE4C}
		{CDBB4749-6031-4F17-84CB-35C9E018A34A} = {0860DE66-DE9A-491E-A924-AADAA3D9EE4C}
	EndGlobalSection
	GlobalSection(ExtensibilityGlobals) = postSolution
		SolutionGuid = {C730DFAD-AC89-4012-B5FC-65E2B8FCB530}
	EndGlobalSection
EndGlobal
